
Microsoft Visual Studio Solution File, Format Version 12.00
# Visual Studio Version 17
VisualStudioVersion = 17.4.33213.308
MinimumVisualStudioVersion = 10.0.40219.1
Project("{F184B08F-C81C-45F6-A57F-5ABD9991F28F}") = "bulbApp", "bulbApp\bulbApp.vbproj", "{318D24C1-B5D3-41F6-A5FF-E9B4ED223863}"
EndProject
Global
	GlobalSection(SolutionConfigurationPlatforms) = preSolution
		Debug|Any CPU = Debug|Any CPU
		Release|Any CPU = Release|Any CPU
	EndGlobalSection
	GlobalSection(ProjectConfigurationPlatforms) = postSolution
		{318D24C1-B5D3-41F6-A5FF-E9B4ED223863}.Debug|Any CPU.ActiveCfg = Debug|Any CPU
		{318D24C1-B5D3-41F6-A5FF-E9B4ED223863}.Debug|Any CPU.Build.0 = Debug|Any CPU
		{318D24C1-B5D3-41F6-A5FF-E9B4ED223863}.Release|Any CPU.ActiveCfg = Release|Any CPU
		{318D24C1-B5D3-41F6-A5FF-E9B4ED223863}.Release|Any CPU.Build.0 = Release|Any CPU
	EndGlobalSection
	GlobalSection(SolutionProperties) = preSolution
		HideSolutionNode = FALSE
	EndGlobalSection
	GlobalSection(ExtensibilityGlobals) = postSolution
		SolutionGuid = {EB7B8FCF-F630-4EDC-AE27-D9F4D45DBF05}
	EndGlobalSection
EndGlobal
